
Microsoft Visual Studio Solution File, Format Version 12.00
# Visual Studio Version 17
VisualStudioVersion = 17.0.31903.59
MinimumVisualStudioVersion = 10.0.40219.1
Project("{FAE04EC0-301F-11D3-BF4B-00C04F79EFBC}") = "Stas.Monitor.App", "Stas.Monitor.App\Stas.Monitor.App.csproj", "{3C642D0E-431B-4C2A-B402-53CF52513EE3}"
EndProject
Project("{FAE04EC0-301F-11D3-BF4B-00C04F79EFBC}") = "Stas.Monitor.Domains", "Stas.Monitor.Domains\Stas.Monitor.Domains.csproj", "{47C17E7A-C3D5-4122-A0E8-AD5656E72981}"
EndProject
Project("{FAE04EC0-301F-11D3-BF4B-00C04F79EFBC}") = "Stas.Monitor.Presentations", "Stas.Monitor.Presentations\Stas.Monitor.Presentations.csproj", "{42BFE027-79A6-4810-8DE3-C2B6C194016B}"
EndProject
Project("{FAE04EC0-301F-11D3-BF4B-00C04F79EFBC}") = "Stas.Monitor.Infrastructures", "Stas.Monitor.Infrastructures\Stas.Monitor.Infrastructures.csproj", "{07DD3F82-8D0C-4A73-AC3B-9978ABDCB9F9}"
EndProject
Project("{FAE04EC0-301F-11D3-BF4B-00C04F79EFBC}") = "Stas.Monitor.Views", "Stas.Monitor.Views\Stas.Monitor.Views.csproj", "{3CE95BC6-D3BB-46FC-A3BA-5835D405213A}"
EndProject
Project("{2150E333-8FDC-42A3-9474-1A3956D46DE8}") = "main", "main", "{5A26E9B5-4450-4A24-BFAD-967876D98EC8}"
EndProject
Project("{2150E333-8FDC-42A3-9474-1A3956D46DE8}") = "test", "test", "{917FE01E-8B6A-41A5-A491-7CE4EF259CCB}"
EndProject
Project("{FAE04EC0-301F-11D3-BF4B-00C04F79EFBC}") = "Stas.Monitor.Domains.Tests", "Stas.Monitor.Domains.Tests\Stas.Monitor.Domains.Tests.csproj", "{6AA43CC3-A8BB-4CC7-8AFE-A1D92C840984}"
EndProject
Project("{FAE04EC0-301F-11D3-BF4B-00C04F79EFBC}") = "Stas.Monitor.Presentations.Tests", "Stas.Monitor.Presentations.Tests\Stas.Monitor.Presentations.Tests.csproj", "{29CED7E2-C6F7-4D3A-9393-C3587E14B963}"
EndProject
Project("{FAE04EC0-301F-11D3-BF4B-00C04F79EFBC}") = "Stas.Monitor.Infrastructures.Tests", "Stas.Monitor.Infrastructures.Tests\Stas.Monitor.Infrastructures.Tests.csproj", "{38CA6943-9CC1-4289-807A-F566E8F53EA6}"
EndProject
Project("{FAE04EC0-301F-11D3-BF4B-00C04F79EFBC}") = "Stas.Monitor.App.Tests", "Stas.Monitor.App.Tests\Stas.Monitor.App.Tests.csproj", "{A5D72AC0-43D4-4EC1-8620-C5BA09BC647C}"
EndProject
Global
	GlobalSection(SolutionConfigurationPlatforms) = preSolution
		Debug|Any CPU = Debug|Any CPU
		Release|Any CPU = Release|Any CPU
	EndGlobalSection
	GlobalSection(SolutionProperties) = preSolution
		HideSolutionNode = FALSE
	EndGlobalSection
	GlobalSection(ProjectConfigurationPlatforms) = postSolution
		{3C642D0E-431B-4C2A-B402-53CF52513EE3}.Debug|Any CPU.ActiveCfg = Debug|Any CPU
		{3C642D0E-431B-4C2A-B402-53CF52513EE3}.Debug|Any CPU.Build.0 = Debug|Any CPU
		{3C642D0E-431B-4C2A-B402-53CF52513EE3}.Release|Any CPU.ActiveCfg = Release|Any CPU
		{3C642D0E-431B-4C2A-B402-53CF52513EE3}.Release|Any CPU.Build.0 = Release|Any CPU
		{47C17E7A-C3D5-4122-A0E8-AD5656E72981}.Debug|Any CPU.ActiveCfg = Debug|Any CPU
		{47C17E7A-C3D5-4122-A0E8-AD5656E72981}.Debug|Any CPU.Build.0 = Debug|Any CPU
		{47C17E7A-C3D5-4122-A0E8-AD5656E72981}.Release|Any CPU.ActiveCfg = Release|Any CPU
		{47C17E7A-C3D5-4122-A0E8-AD5656E72981}.Release|Any CPU.Build.0 = Release|Any CPU
		{42BFE027-79A6-4810-8DE3-C2B6C194016B}.Debug|Any CPU.ActiveCfg = Debug|Any CPU
		{42BFE027-79A6-4810-8DE3-C2B6C194016B}.Debug|Any CPU.Build.0 = Debug|Any CPU
		{42BFE027-79A6-4810-8DE3-C2B6C194016B}.Release|Any CPU.ActiveCfg = Release|Any CPU
		{42BFE027-79A6-4810-8DE3-C2B6C194016B}.Release|Any CPU.Build.0 = Release|Any CPU
		{07DD3F82-8D0C-4A73-AC3B-9978ABDCB9F9}.Debug|Any CPU.ActiveCfg = Debug|Any CPU
		{07DD3F82-8D0C-4A73-AC3B-9978ABDCB9F9}.Debug|Any CPU.Build.0 = Debug|Any CPU
		{07DD3F82-8D0C-4A73-AC3B-9978ABDCB9F9}.Release|Any CPU.ActiveCfg = Release|Any CPU
		{07DD3F82-8D0C-4A73-AC3B-9978ABDCB9F9}.Release|Any CPU.Build.0 = Release|Any CPU
		{3CE95BC6-D3BB-46FC-A3BA-5835D405213A}.Debug|Any CPU.ActiveCfg = Debug|Any CPU
		{3CE95BC6-D3BB-46FC-A3BA-5835D405213A}.Debug|Any CPU.Build.0 = Debug|Any CPU
		{3CE95BC6-D3BB-46FC-A3BA-5835D405213A}.Release|Any CPU.ActiveCfg = Release|Any CPU
		{3CE95BC6-D3BB-46FC-A3BA-5835D405213A}.Release|Any CPU.Build.0 = Release|Any CPU
		{6AA43CC3-A8BB-4CC7-8AFE-A1D92C840984}.Debug|Any CPU.ActiveCfg = Debug|Any CPU
		{6AA43CC3-A8BB-4CC7-8AFE-A1D92C840984}.Debug|Any CPU.Build.0 = Debug|Any CPU
		{6AA43CC3-A8BB-4CC7-8AFE-A1D92C840984}.Release|Any CPU.ActiveCfg = Release|Any CPU
		{6AA43CC3-A8BB-4CC7-8AFE-A1D92C840984}.Release|Any CPU.Build.0 = Release|Any CPU
		{29CED7E2-C6F7-4D3A-9393-C3587E14B963}.Debug|Any CPU.ActiveCfg = Debug|Any CPU
		{29CED7E2-C6F7-4D3A-9393-C3587E14B963}.Debug|Any CPU.Build.0 = Debug|Any CPU
		{29CED7E2-C6F7-4D3A-9393-C3587E14B963}.Release|Any CPU.ActiveCfg = Release|Any CPU
		{29CED7E2-C6F7-4D3A-9393-C3587E14B963}.Release|Any CPU.Build.0 = Release|Any CPU
		{38CA6943-9CC1-4289-807A-F566E8F53EA6}.Debug|Any CPU.ActiveCfg = Debug|Any CPU
		{38CA6943-9CC1-4289-807A-F566E8F53EA6}.Debug|Any CPU.Build.0 = Debug|Any CPU
		{38CA6943-9CC1-4289-807A-F566E8F53EA6}.Release|Any CPU.ActiveCfg = Release|Any CPU
		{38CA6943-9CC1-4289-807A-F566E8F53EA6}.Release|Any CPU.Build.0 = Release|Any CPU
		{A5D72AC0-43D4-4EC1-8620-C5BA09BC647C}.Debug|Any CPU.ActiveCfg = Debug|Any CPU
		{A5D72AC0-43D4-4EC1-8620-C5BA09BC647C}.Debug|Any CPU.Build.0 = Debug|Any CPU
		{A5D72AC0-43D4-4EC1-8620-C5BA09BC647C}.Release|Any CPU.ActiveCfg = Release|Any CPU
		{A5D72AC0-43D4-4EC1-8620-C5BA09BC647C}.Release|Any CPU.Build.0 = Release|Any CPU
	EndGlobalSection
	GlobalSection(NestedProjects) = preSolution
		{3C642D0E-431B-4C2A-B402-53CF52513EE3} = {5A26E9B5-4450-4A24-BFAD-967876D98EC8}
		{47C17E7A-C3D5-4122-A0E8-AD5656E72981} = {5A26E9B5-4450-4A24-BFAD-967876D98EC8}
		{07DD3F82-8D0C-4A73-AC3B-9978ABDCB9F9} = {5A26E9B5-4450-4A24-BFAD-967876D98EC8}
		{42BFE027-79A6-4810-8DE3-C2B6C194016B} = {5A26E9B5-4450-4A24-BFAD-967876D98EC8}
		{3CE95BC6-D3BB-46FC-A3BA-5835D405213A} = {5A26E9B5-4450-4A24-BFAD-967876D98EC8}
		{6AA43CC3-A8BB-4CC7-8AFE-A1D92C840984} = {917FE01E-8B6A-41A5-A491-7CE4EF259CCB}
		{29CED7E2-C6F7-4D3A-9393-C3587E14B963} = {917FE01E-8B6A-41A5-A491-7CE4EF259CCB}
		{38CA6943-9CC1-4289-807A-F566E8F53EA6} = {917FE01E-8B6A-41A5-A491-7CE4EF259CCB}
		{A5D72AC0-43D4-4EC1-8620-C5BA09BC647C} = {917FE01E-8B6A-41A5-A491-7CE4EF259CCB}
	EndGlobalSection
EndGlobal
